
Microsoft Visual Studio Solution File, Format Version 12.00
# Visual Studio Version 17
VisualStudioVersion = 17.1.32407.343
MinimumVisualStudioVersion = 10.0.40219.1
Project("{FAE04EC0-301F-11D3-BF4B-00C04F79EFBC}") = "ZealogicsServer", "ZealogicsServer\ZealogicsServer.csproj", "{A0A4DDD6-E2F4-437F-AF0B-AC2841D07D4B}"
EndProject
Project("{FAE04EC0-301F-11D3-BF4B-00C04F79EFBC}") = "ZealogicsClient", "ZealogicsClient\ZealogicsClient.csproj", "{42C27AAB-E0B6-499E-A93C-1FEFB856DDE2}"
EndProject
Project("{FAE04EC0-301F-11D3-BF4B-00C04F79EFBC}") = "ZealogicsSocket", "ZealogicsSocket\ZealogicsSocket.csproj", "{BE92BFD6-006C-4EB9-8539-11FFC4EE07C6}"
EndProject
Project("{FAE04EC0-301F-11D3-BF4B-00C04F79EFBC}") = "ZealogicsSocketTests", "ZealogicsSocketTests\ZealogicsSocketTests.csproj", "{659C8586-A6F9-44D9-869E-B26991AC256A}"
EndProject
Global
	GlobalSection(SolutionConfigurationPlatforms) = preSolution
		Debug|Any CPU = Debug|Any CPU
		Release|Any CPU = Release|Any CPU
	EndGlobalSection
	GlobalSection(ProjectConfigurationPlatforms) = postSolution
		{A0A4DDD6-E2F4-437F-AF0B-AC2841D07D4B}.Debug|Any CPU.ActiveCfg = Debug|Any CPU
		{A0A4DDD6-E2F4-437F-AF0B-AC2841D07D4B}.Debug|Any CPU.Build.0 = Debug|Any CPU
		{A0A4DDD6-E2F4-437F-AF0B-AC2841D07D4B}.Release|Any CPU.ActiveCfg = Release|Any CPU
		{A0A4DDD6-E2F4-437F-AF0B-AC2841D07D4B}.Release|Any CPU.Build.0 = Release|Any CPU
		{42C27AAB-E0B6-499E-A93C-1FEFB856DDE2}.Debug|Any CPU.ActiveCfg = Debug|Any CPU
		{42C27AAB-E0B6-499E-A93C-1FEFB856DDE2}.Debug|Any CPU.Build.0 = Debug|Any CPU
		{42C27AAB-E0B6-499E-A93C-1FEFB856DDE2}.Release|Any CPU.ActiveCfg = Release|Any CPU
		{42C27AAB-E0B6-499E-A93C-1FEFB856DDE2}.Release|Any CPU.Build.0 = Release|Any CPU
		{BE92BFD6-006C-4EB9-8539-11FFC4EE07C6}.Debug|Any CPU.ActiveCfg = Debug|Any CPU
		{BE92BFD6-006C-4EB9-8539-11FFC4EE07C6}.Debug|Any CPU.Build.0 = Debug|Any CPU
		{BE92BFD6-006C-4EB9-8539-11FFC4EE07C6}.Release|Any CPU.ActiveCfg = Release|Any CPU
		{BE92BFD6-006C-4EB9-8539-11FFC4EE07C6}.Release|Any CPU.Build.0 = Release|Any CPU
		{659C8586-A6F9-44D9-869E-B26991AC256A}.Debug|Any CPU.ActiveCfg = Debug|Any CPU
		{659C8586-A6F9-44D9-869E-B26991AC256A}.Debug|Any CPU.Build.0 = Debug|Any CPU
		{659C8586-A6F9-44D9-869E-B26991AC256A}.Release|Any CPU.ActiveCfg = Release|Any CPU
		{659C8586-A6F9-44D9-869E-B26991AC256A}.Release|Any CPU.Build.0 = Release|Any CPU
	EndGlobalSection
	GlobalSection(SolutionProperties) = preSolution
		HideSolutionNode = FALSE
	EndGlobalSection
	GlobalSection(ExtensibilityGlobals) = postSolution
		SolutionGuid = {61162F53-6490-4C2E-ADB8-B688202A2B87}
	EndGlobalSection
EndGlobal
